{
  "name": "@taubyte/cdk",
  "version": "0.1.0",
  "lockfileVersion": 3,
  "requires": true,
  "packages": {
    "": {
      "name": "@taubyte/cdk",
      "version": "0.1.0",
      "license": "ISC",
      "dependencies": {
        "@extism/extism": "^1.0.3"
      }
    },
    "node_modules/@extism/extism": {
      "version": "1.0.3",
      "resolved": "https://registry.npmjs.org/@extism/extism/-/extism-1.0.3.tgz",
      "integrity": "sha512-kHwJwNP19c2q6tN2VYez/Bvv/mvx5J+UEyVbHJKAQ8+l9Z+MJ7TTjBw/GwDQcieXlLtPDNphugeH8ChKKfVtQg=="
    }
  }
}
